
Microsoft Visual Studio Solution File, Format Version 12.00
# Visual Studio Version 17
VisualStudioVersion = 17.1.32414.318
MinimumVisualStudioVersion = 10.0.40219.1
Project("{FAE04EC0-301F-11D3-BF4B-00C04F79EFBC}") = "WebScrapingSharp", "WebScrapingSharp\WebScrapingSharp.csproj", "{968CB374-4A46-4D61-B077-5078678EF93F}"
EndProject
Project("{FAE04EC0-301F-11D3-BF4B-00C04F79EFBC}") = "wss.Service", "wss.Service\wss.Service.csproj", "{323532CB-4D39-4DFD-A9D3-6B01ECEEF537}"
EndProject
Global
	GlobalSection(SolutionConfigurationPlatforms) = preSolution
		Debug|Any CPU = Debug|Any CPU
		Release|Any CPU = Release|Any CPU
	EndGlobalSection
	GlobalSection(ProjectConfigurationPlatforms) = postSolution
		{968CB374-4A46-4D61-B077-5078678EF93F}.Debug|Any CPU.ActiveCfg = Debug|Any CPU
		{968CB374-4A46-4D61-B077-5078678EF93F}.Debug|Any CPU.Build.0 = Debug|Any CPU
		{968CB374-4A46-4D61-B077-5078678EF93F}.Release|Any CPU.ActiveCfg = Release|Any CPU
		{968CB374-4A46-4D61-B077-5078678EF93F}.Release|Any CPU.Build.0 = Release|Any CPU
		{323532CB-4D39-4DFD-A9D3-6B01ECEEF537}.Debug|Any CPU.ActiveCfg = Debug|Any CPU
		{323532CB-4D39-4DFD-A9D3-6B01ECEEF537}.Debug|Any CPU.Build.0 = Debug|Any CPU
		{323532CB-4D39-4DFD-A9D3-6B01ECEEF537}.Release|Any CPU.ActiveCfg = Release|Any CPU
		{323532CB-4D39-4DFD-A9D3-6B01ECEEF537}.Release|Any CPU.Build.0 = Release|Any CPU
	EndGlobalSection
	GlobalSection(SolutionProperties) = preSolution
		HideSolutionNode = FALSE
	EndGlobalSection
	GlobalSection(ExtensibilityGlobals) = postSolution
		SolutionGuid = {766BFE26-A6CF-422E-B235-40520C6820DF}
	EndGlobalSection
EndGlobal
